
Microsoft Visual Studio Solution File, Format Version 12.00
# Visual Studio 15
Project("{FAE04EC0-301F-11D3-BF4B-00C04F79EFBC}") = "XamarinTest.Core", "XamarinTest.Core\XamarinTest.Core.csproj", "{40495D3B-43B7-4C73-A71A-718CB22C3954}"
EndProject
Project("{FAE04EC0-301F-11D3-BF4B-00C04F79EFBC}") = "XamarinTest.Droid", "XamarinTest.Droid\XamarinTest.Droid.csproj", "{584AEF58-580E-4785-97FE-B489AF600B2A}"
EndProject
Global
	GlobalSection(SolutionConfigurationPlatforms) = preSolution
		Debug|Any CPU = Debug|Any CPU
		Release|Any CPU = Release|Any CPU
	EndGlobalSection
	GlobalSection(ProjectConfigurationPlatforms) = postSolution
		{40495D3B-43B7-4C73-A71A-718CB22C3954}.Debug|Any CPU.ActiveCfg = Debug|Any CPU
		{40495D3B-43B7-4C73-A71A-718CB22C3954}.Debug|Any CPU.Build.0 = Debug|Any CPU
		{40495D3B-43B7-4C73-A71A-718CB22C3954}.Release|Any CPU.ActiveCfg = Release|Any CPU
		{40495D3B-43B7-4C73-A71A-718CB22C3954}.Release|Any CPU.Build.0 = Release|Any CPU
		{584AEF58-580E-4785-97FE-B489AF600B2A}.Debug|Any CPU.ActiveCfg = Debug|Any CPU
		{584AEF58-580E-4785-97FE-B489AF600B2A}.Debug|Any CPU.Build.0 = Debug|Any CPU
		{584AEF58-580E-4785-97FE-B489AF600B2A}.Release|Any CPU.ActiveCfg = Release|Any CPU
		{584AEF58-580E-4785-97FE-B489AF600B2A}.Release|Any CPU.Build.0 = Release|Any CPU
	EndGlobalSection
EndGlobal
